
Microsoft Visual Studio Solution File, Format Version 12.00
# Visual Studio Version 17
VisualStudioVersion = 17.9.34310.174
MinimumVisualStudioVersion = 10.0.40219.1
Project("{9A19103F-16F7-4668-BE54-9A1E7A4F7556}") = "ConsoleApp.OutputDemo", "ConsoleApp.OutputDemo\ConsoleApp.OutputDemo.csproj", "{D9C13DA8-299C-4E6B-8DE5-B0228F6A3256}"
EndProject
Project("{9A19103F-16F7-4668-BE54-9A1E7A4F7556}") = "ConsoleApp.VariablesDemo", "ConsoleApp.VariablesDemo\ConsoleApp.VariablesDemo.csproj", "{824EB1EE-658F-4AC2-BA41-4C2C54C1DBE5}"
EndProject
Project("{9A19103F-16F7-4668-BE54-9A1E7A4F7556}") = "ConsoleApp.UserInputDemo", "ConsoleApp.UserInputDemo\ConsoleApp.UserInputDemo.csproj", "{446BEEAF-D038-4884-B725-A9359FF8CC7F}"
EndProject
Project("{9A19103F-16F7-4668-BE54-9A1E7A4F7556}") = "ConsoleApp.Operators", "ConsoleApp.Operators\ConsoleApp.Operators.csproj", "{35BFA2BC-E9F0-4504-8FE4-2A6B52F3B7E2}"
EndProject
Project("{9A19103F-16F7-4668-BE54-9A1E7A4F7556}") = "ConsoleApp.ConditionsAndDecisions", "ConsoleApp.ConditionsAndDecisions\ConsoleApp.ConditionsAndDecisions.csproj", "{5725DB32-191D-4C6B-BD5E-55100B8AB0F3}"
EndProject
Project("{9A19103F-16F7-4668-BE54-9A1E7A4F7556}") = "ConsoleApp.Samplecalculator", "ConsoleApp.Samplecalculator\ConsoleApp.Samplecalculator.csproj", "{81D0A1FB-96C0-4A34-936C-CC8C72CAFBB6}"
EndProject
Project("{9A19103F-16F7-4668-BE54-9A1E7A4F7556}") = "ConsoleApp.Loops", "ConsoleApp.Loops\ConsoleApp.Loops.csproj", "{CA3C74B6-16BE-4D96-9FAD-2B937F719774}"
EndProject
Project("{9A19103F-16F7-4668-BE54-9A1E7A4F7556}") = "ConsoleApp.Exceptionhandlingdemo", "ConsoleApp.Exceptionhandlingdemo\ConsoleApp.Exceptionhandlingdemo.csproj", "{2D288999-78B1-4630-BDDD-229184682A04}"
EndProject
Project("{9A19103F-16F7-4668-BE54-9A1E7A4F7556}") = "ConsoleApp.StringManipulation", "ConsoleApp.StringManipulation\ConsoleApp.StringManipulation.csproj", "{F7CFEB47-1AE5-4F88-96FD-19C87D93285C}"
EndProject
Project("{9A19103F-16F7-4668-BE54-9A1E7A4F7556}") = "ConsoleApp.DateTimemanipulation", "ConsoleApp.DateTimemanipulation\ConsoleApp.DateTimemanipulation.csproj", "{7394A929-158F-42ED-97A8-356E57665D1F}"
EndProject
Project("{FAE04EC0-301F-11D3-BF4B-00C04F79EFBC}") = "ConsoleApp.Methods", "ConsoleApp.Methods\ConsoleApp.Methods.csproj", "{CFB4EDFD-EB94-4899-B580-AF7035239F2B}"
EndProject
Global
	GlobalSection(SolutionConfigurationPlatforms) = preSolution
		Debug|Any CPU = Debug|Any CPU
		Release|Any CPU = Release|Any CPU
	EndGlobalSection
	GlobalSection(ProjectConfigurationPlatforms) = postSolution
		{D9C13DA8-299C-4E6B-8DE5-B0228F6A3256}.Debug|Any CPU.ActiveCfg = Debug|Any CPU
		{D9C13DA8-299C-4E6B-8DE5-B0228F6A3256}.Debug|Any CPU.Build.0 = Debug|Any CPU
		{D9C13DA8-299C-4E6B-8DE5-B0228F6A3256}.Release|Any CPU.ActiveCfg = Release|Any CPU
		{D9C13DA8-299C-4E6B-8DE5-B0228F6A3256}.Release|Any CPU.Build.0 = Release|Any CPU
		{824EB1EE-658F-4AC2-BA41-4C2C54C1DBE5}.Debug|Any CPU.ActiveCfg = Debug|Any CPU
		{824EB1EE-658F-4AC2-BA41-4C2C54C1DBE5}.Debug|Any CPU.Build.0 = Debug|Any CPU
		{824EB1EE-658F-4AC2-BA41-4C2C54C1DBE5}.Release|Any CPU.ActiveCfg = Release|Any CPU
		{824EB1EE-658F-4AC2-BA41-4C2C54C1DBE5}.Release|Any CPU.Build.0 = Release|Any CPU
		{446BEEAF-D038-4884-B725-A9359FF8CC7F}.Debug|Any CPU.ActiveCfg = Debug|Any CPU
		{446BEEAF-D038-4884-B725-A9359FF8CC7F}.Debug|Any CPU.Build.0 = Debug|Any CPU
		{446BEEAF-D038-4884-B725-A9359FF8CC7F}.Release|Any CPU.ActiveCfg = Release|Any CPU
		{446BEEAF-D038-4884-B725-A9359FF8CC7F}.Release|Any CPU.Build.0 = Release|Any CPU
		{35BFA2BC-E9F0-4504-8FE4-2A6B52F3B7E2}.Debug|Any CPU.ActiveCfg = Debug|Any CPU
		{35BFA2BC-E9F0-4504-8FE4-2A6B52F3B7E2}.Debug|Any CPU.Build.0 = Debug|Any CPU
		{35BFA2BC-E9F0-4504-8FE4-2A6B52F3B7E2}.Release|Any CPU.ActiveCfg = Release|Any CPU
		{35BFA2BC-E9F0-4504-8FE4-2A6B52F3B7E2}.Release|Any CPU.Build.0 = Release|Any CPU
		{5725DB32-191D-4C6B-BD5E-55100B8AB0F3}.Debug|Any CPU.ActiveCfg = Debug|Any CPU
		{5725DB32-191D-4C6B-BD5E-55100B8AB0F3}.Debug|Any CPU.Build.0 = Debug|Any CPU
		{5725DB32-191D-4C6B-BD5E-55100B8AB0F3}.Release|Any CPU.ActiveCfg = Release|Any CPU
		{5725DB32-191D-4C6B-BD5E-55100B8AB0F3}.Release|Any CPU.Build.0 = Release|Any CPU
		{81D0A1FB-96C0-4A34-936C-CC8C72CAFBB6}.Debug|Any CPU.ActiveCfg = Debug|Any CPU
		{81D0A1FB-96C0-4A34-936C-CC8C72CAFBB6}.Debug|Any CPU.Build.0 = Debug|Any CPU
		{81D0A1FB-96C0-4A34-936C-CC8C72CAFBB6}.Release|Any CPU.ActiveCfg = Release|Any CPU
		{81D0A1FB-96C0-4A34-936C-CC8C72CAFBB6}.Release|Any CPU.Build.0 = Release|Any CPU
		{CA3C74B6-16BE-4D96-9FAD-2B937F719774}.Debug|Any CPU.ActiveCfg = Debug|Any CPU
		{CA3C74B6-16BE-4D96-9FAD-2B937F719774}.Debug|Any CPU.Build.0 = Debug|Any CPU
		{CA3C74B6-16BE-4D96-9FAD-2B937F719774}.Release|Any CPU.ActiveCfg = Release|Any CPU
		{CA3C74B6-16BE-4D96-9FAD-2B937F719774}.Release|Any CPU.Build.0 = Release|Any CPU
		{2D288999-78B1-4630-BDDD-229184682A04}.Debug|Any CPU.ActiveCfg = Debug|Any CPU
		{2D288999-78B1-4630-BDDD-229184682A04}.Debug|Any CPU.Build.0 = Debug|Any CPU
		{2D288999-78B1-4630-BDDD-229184682A04}.Release|Any CPU.ActiveCfg = Release|Any CPU
		{2D288999-78B1-4630-BDDD-229184682A04}.Release|Any CPU.Build.0 = Release|Any CPU
		{F7CFEB47-1AE5-4F88-96FD-19C87D93285C}.Debug|Any CPU.ActiveCfg = Debug|Any CPU
		{F7CFEB47-1AE5-4F88-96FD-19C87D93285C}.Debug|Any CPU.Build.0 = Debug|Any CPU
		{F7CFEB47-1AE5-4F88-96FD-19C87D93285C}.Release|Any CPU.ActiveCfg = Release|Any CPU
		{F7CFEB47-1AE5-4F88-96FD-19C87D93285C}.Release|Any CPU.Build.0 = Release|Any CPU
		{7394A929-158F-42ED-97A8-356E57665D1F}.Debug|Any CPU.ActiveCfg = Debug|Any CPU
		{7394A929-158F-42ED-97A8-356E57665D1F}.Debug|Any CPU.Build.0 = Debug|Any CPU
		{7394A929-158F-42ED-97A8-356E57665D1F}.Release|Any CPU.ActiveCfg = Release|Any CPU
		{7394A929-158F-42ED-97A8-356E57665D1F}.Release|Any CPU.Build.0 = Release|Any CPU
		{CFB4EDFD-EB94-4899-B580-AF7035239F2B}.Debug|Any CPU.ActiveCfg = Debug|Any CPU
		{CFB4EDFD-EB94-4899-B580-AF7035239F2B}.Debug|Any CPU.Build.0 = Debug|Any CPU
		{CFB4EDFD-EB94-4899-B580-AF7035239F2B}.Release|Any CPU.ActiveCfg = Release|Any CPU
		{CFB4EDFD-EB94-4899-B580-AF7035239F2B}.Release|Any CPU.Build.0 = Release|Any CPU
	EndGlobalSection
	GlobalSection(SolutionProperties) = preSolution
		HideSolutionNode = FALSE
	EndGlobalSection
	GlobalSection(ExtensibilityGlobals) = postSolution
		SolutionGuid = {FD1363A7-9F97-4806-B4DA-518C8AF37B7A}
	EndGlobalSection
EndGlobal
